
Microsoft Visual Studio Solution File, Format Version 12.00
# Visual Studio Version 17
VisualStudioVersion = 17.13.35825.156 d17.13
MinimumVisualStudioVersion = 10.0.40219.1
Project("{FAE04EC0-301F-11D3-BF4B-00C04F79EFBC}") = "SalesDatePrediction", "SalesDatePrediction\SalesDatePrediction.csproj", "{716F057F-BDEA-4493-BDB8-95B3E1756236}"
EndProject
Global
	GlobalSection(SolutionConfigurationPlatforms) = preSolution
		Debug|Any CPU = Debug|Any CPU
		Release|Any CPU = Release|Any CPU
	EndGlobalSection
	GlobalSection(ProjectConfigurationPlatforms) = postSolution
		{716F057F-BDEA-4493-BDB8-95B3E1756236}.Debug|Any CPU.ActiveCfg = Debug|Any CPU
		{716F057F-BDEA-4493-BDB8-95B3E1756236}.Debug|Any CPU.Build.0 = Debug|Any CPU
		{716F057F-BDEA-4493-BDB8-95B3E1756236}.Release|Any CPU.ActiveCfg = Release|Any CPU
		{716F057F-BDEA-4493-BDB8-95B3E1756236}.Release|Any CPU.Build.0 = Release|Any CPU
	EndGlobalSection
	GlobalSection(SolutionProperties) = preSolution
		HideSolutionNode = FALSE
	EndGlobalSection
	GlobalSection(ExtensibilityGlobals) = postSolution
		SolutionGuid = {29B75112-3C24-4A6D-AD8E-0CEF71B45267}
	EndGlobalSection
EndGlobal
