
Microsoft Visual Studio Solution File, Format Version 12.00
# Visual Studio Version 17
VisualStudioVersion = 17.13.35825.156 d17.13
MinimumVisualStudioVersion = 10.0.40219.1
Project("{FAE04EC0-301F-11D3-BF4B-00C04F79EFBC}") = "SalesDatePredictionApp", "SalesDatePredictionApp.csproj", "{3AD0FBC9-AC7A-33E7-8BF1-C916C8E11A03}"
EndProject
Project("{FAE04EC0-301F-11D3-BF4B-00C04F79EFBC}") = "SalesDatePredictionApp.Test", "..\SalesDatePredictionTest\SalesDatePredictionApp.Test.csproj", "{150E7CEE-24FC-433F-9360-1E2D75E0529F}"
EndProject
Global
	GlobalSection(SolutionConfigurationPlatforms) = preSolution
		Debug|Any CPU = Debug|Any CPU
		Release|Any CPU = Release|Any CPU
	EndGlobalSection
	GlobalSection(ProjectConfigurationPlatforms) = postSolution
		{3AD0FBC9-AC7A-33E7-8BF1-C916C8E11A03}.Debug|Any CPU.ActiveCfg = Debug|Any CPU
		{3AD0FBC9-AC7A-33E7-8BF1-C916C8E11A03}.Debug|Any CPU.Build.0 = Debug|Any CPU
		{3AD0FBC9-AC7A-33E7-8BF1-C916C8E11A03}.Release|Any CPU.ActiveCfg = Release|Any CPU
		{3AD0FBC9-AC7A-33E7-8BF1-C916C8E11A03}.Release|Any CPU.Build.0 = Release|Any CPU
		{150E7CEE-24FC-433F-9360-1E2D75E0529F}.Debug|Any CPU.ActiveCfg = Debug|Any CPU
		{150E7CEE-24FC-433F-9360-1E2D75E0529F}.Debug|Any CPU.Build.0 = Debug|Any CPU
		{150E7CEE-24FC-433F-9360-1E2D75E0529F}.Release|Any CPU.ActiveCfg = Release|Any CPU
		{150E7CEE-24FC-433F-9360-1E2D75E0529F}.Release|Any CPU.Build.0 = Release|Any CPU
	EndGlobalSection
	GlobalSection(SolutionProperties) = preSolution
		HideSolutionNode = FALSE
	EndGlobalSection
	GlobalSection(ExtensibilityGlobals) = postSolution
		SolutionGuid = {D2BC946E-1012-4048-904E-B81AEBF5C152}
	EndGlobalSection
EndGlobal
